
Microsoft Visual Studio Solution File, Format Version 12.00
# Visual Studio Version 16
VisualStudioVersion = 16.0.34902.97
MinimumVisualStudioVersion = 10.0.40219.1
Project("{FAE04EC0-301F-11D3-BF4B-00C04F79EFBC}") = "MoveCircle 2", "MoveCircle 2\MoveCircle 2.csproj", "{7AAFA039-3E72-4EBA-A404-D9A422A12ACA}"
EndProject
Global
	GlobalSection(SolutionConfigurationPlatforms) = preSolution
		Debug|Any CPU = Debug|Any CPU
		Release|Any CPU = Release|Any CPU
	EndGlobalSection
	GlobalSection(ProjectConfigurationPlatforms) = postSolution
		{7AAFA039-3E72-4EBA-A404-D9A422A12ACA}.Debug|Any CPU.ActiveCfg = Debug|Any CPU
		{7AAFA039-3E72-4EBA-A404-D9A422A12ACA}.Debug|Any CPU.Build.0 = Debug|Any CPU
		{7AAFA039-3E72-4EBA-A404-D9A422A12ACA}.Release|Any CPU.ActiveCfg = Release|Any CPU
		{7AAFA039-3E72-4EBA-A404-D9A422A12ACA}.Release|Any CPU.Build.0 = Release|Any CPU
	EndGlobalSection
	GlobalSection(SolutionProperties) = preSolution
		HideSolutionNode = FALSE
	EndGlobalSection
	GlobalSection(ExtensibilityGlobals) = postSolution
		SolutionGuid = {882AF2DE-9B91-444E-AA0B-787809605413}
	EndGlobalSection
EndGlobal
